
Microsoft Visual Studio Solution File, Format Version 12.00
# Visual Studio Version 16
VisualStudioVersion = 16.0.29519.87
MinimumVisualStudioVersion = 10.0.40219.1
Project("{FAE04EC0-301F-11D3-BF4B-00C04F79EFBC}") = "PrijavaIspita.Client", "PrijavaIspita.Client\PrijavaIspita.Client.csproj", "{0877FC0C-D14F-4A65-B000-7EB6215D06A2}"
EndProject
Project("{FAE04EC0-301F-11D3-BF4B-00C04F79EFBC}") = "PrijavaIspita.Domain", "PrijavaIspita.Domain\PrijavaIspita.Domain.csproj", "{6EA235B1-56C6-49E2-8EFE-9824D021F83D}"
EndProject
Project("{FAE04EC0-301F-11D3-BF4B-00C04F79EFBC}") = "PrijavaIspita.LinqToSQL", "PrijavaIspita.LinqToSQL\PrijavaIspita.LinqToSQL.csproj", "{AEFB8858-F68C-455B-9C03-5154D883BFB8}"
EndProject
Global
	GlobalSection(SolutionConfigurationPlatforms) = preSolution
		Debug|Any CPU = Debug|Any CPU
		Release|Any CPU = Release|Any CPU
	EndGlobalSection
	GlobalSection(ProjectConfigurationPlatforms) = postSolution
		{0877FC0C-D14F-4A65-B000-7EB6215D06A2}.Debug|Any CPU.ActiveCfg = Debug|Any CPU
		{0877FC0C-D14F-4A65-B000-7EB6215D06A2}.Debug|Any CPU.Build.0 = Debug|Any CPU
		{0877FC0C-D14F-4A65-B000-7EB6215D06A2}.Release|Any CPU.ActiveCfg = Release|Any CPU
		{0877FC0C-D14F-4A65-B000-7EB6215D06A2}.Release|Any CPU.Build.0 = Release|Any CPU
		{6EA235B1-56C6-49E2-8EFE-9824D021F83D}.Debug|Any CPU.ActiveCfg = Debug|Any CPU
		{6EA235B1-56C6-49E2-8EFE-9824D021F83D}.Debug|Any CPU.Build.0 = Debug|Any CPU
		{6EA235B1-56C6-49E2-8EFE-9824D021F83D}.Release|Any CPU.ActiveCfg = Release|Any CPU
		{6EA235B1-56C6-49E2-8EFE-9824D021F83D}.Release|Any CPU.Build.0 = Release|Any CPU
		{AEFB8858-F68C-455B-9C03-5154D883BFB8}.Debug|Any CPU.ActiveCfg = Debug|Any CPU
		{AEFB8858-F68C-455B-9C03-5154D883BFB8}.Debug|Any CPU.Build.0 = Debug|Any CPU
		{AEFB8858-F68C-455B-9C03-5154D883BFB8}.Release|Any CPU.ActiveCfg = Release|Any CPU
		{AEFB8858-F68C-455B-9C03-5154D883BFB8}.Release|Any CPU.Build.0 = Release|Any CPU
	EndGlobalSection
	GlobalSection(SolutionProperties) = preSolution
		HideSolutionNode = FALSE
	EndGlobalSection
	GlobalSection(ExtensibilityGlobals) = postSolution
		SolutionGuid = {755C0FF6-4C8E-4E0C-98FA-312AA21D764C}
	EndGlobalSection
EndGlobal
